
Microsoft Visual Studio Solution File, Format Version 12.00
# Visual Studio Version 17
VisualStudioVersion = 17.5.2.0
MinimumVisualStudioVersion = 10.0.40219.1
Project("{FAE04EC0-301F-11D3-BF4B-00C04F79EFBC}") = "src", "src\src.csproj", "{71C949B3-493C-9DFE-AB38-19C13C100153}"
EndProject
Project("{2150E333-8FDC-42A3-9474-1A3956D46DE8}") = "tests", "tests", "{0AB3BF05-4346-4AA6-1389-037BE0695223}"
EndProject
Project("{2150E333-8FDC-42A3-9474-1A3956D46DE8}") = "Services", "Services", "{4353066B-F410-E540-F593-55E469B78A5F}"
EndProject
Project("{FAE04EC0-301F-11D3-BF4B-00C04F79EFBC}") = "IdentityService.Tests", "tests\Services\IdentityService.Tests\IdentityService.Tests.csproj", "{2862F5F1-6364-4C24-8A95-EA863ADEAD11}"
EndProject
Project("{FAE04EC0-301F-11D3-BF4B-00C04F79EFBC}") = "OrderingService.Tests", "tests\Services\OrderingService.Tests\OrderingService.Tests.csproj", "{517036E7-6985-4B1B-8716-44D76CEC3516}"
EndProject
Project("{FAE04EC0-301F-11D3-BF4B-00C04F79EFBC}") = "ContentService.Tests", "tests\Services\ContentService.Tests\ContentService.Tests.csproj", "{3415A2E7-D338-4661-A21F-1251ED8CF6E1}"
EndProject
Project("{FAE04EC0-301F-11D3-BF4B-00C04F79EFBC}") = "LearningService.Tests", "tests\Services\LearningService.Tests\LearningService.Tests.csproj", "{FED42503-104C-4DF9-AB08-684FFC799F29}"
EndProject
Project("{FAE04EC0-301F-11D3-BF4B-00C04F79EFBC}") = "InteractionService.Tests", "tests\Services\InteractionService.Tests\InteractionService.Tests.csproj", "{4BD0E689-FCA3-47B0-BBEC-2894DF708DE0}"
EndProject
Project("{FAE04EC0-301F-11D3-BF4B-00C04F79EFBC}") = "NotificationService.Tests", "tests\Services\NotificationService.Tests\NotificationService.Tests.csproj", "{502964AC-8429-43D2-998F-A57E39EAE58A}"
EndProject
Project("{FAE04EC0-301F-11D3-BF4B-00C04F79EFBC}") = "SearchService.Tests", "tests\Services\SearchService.Tests\SearchService.Tests.csproj", "{1BEFA879-DF84-4C2A-B4A4-606241D954B9}"
EndProject
Global
	GlobalSection(SolutionConfigurationPlatforms) = preSolution
		Debug|Any CPU = Debug|Any CPU
		Debug|x64 = Debug|x64
		Debug|x86 = Debug|x86
		Release|Any CPU = Release|Any CPU
		Release|x64 = Release|x64
		Release|x86 = Release|x86
	EndGlobalSection
	GlobalSection(ProjectConfigurationPlatforms) = postSolution
		{71C949B3-493C-9DFE-AB38-19C13C100153}.Debug|Any CPU.ActiveCfg = Debug|Any CPU
		{71C949B3-493C-9DFE-AB38-19C13C100153}.Debug|Any CPU.Build.0 = Debug|Any CPU
		{71C949B3-493C-9DFE-AB38-19C13C100153}.Debug|x64.ActiveCfg = Debug|Any CPU
		{71C949B3-493C-9DFE-AB38-19C13C100153}.Debug|x64.Build.0 = Debug|Any CPU
		{71C949B3-493C-9DFE-AB38-19C13C100153}.Debug|x86.ActiveCfg = Debug|Any CPU
		{71C949B3-493C-9DFE-AB38-19C13C100153}.Debug|x86.Build.0 = Debug|Any CPU
		{71C949B3-493C-9DFE-AB38-19C13C100153}.Release|Any CPU.ActiveCfg = Release|Any CPU
		{71C949B3-493C-9DFE-AB38-19C13C100153}.Release|Any CPU.Build.0 = Release|Any CPU
		{71C949B3-493C-9DFE-AB38-19C13C100153}.Release|x64.ActiveCfg = Release|Any CPU
		{71C949B3-493C-9DFE-AB38-19C13C100153}.Release|x64.Build.0 = Release|Any CPU
		{71C949B3-493C-9DFE-AB38-19C13C100153}.Release|x86.ActiveCfg = Release|Any CPU
		{71C949B3-493C-9DFE-AB38-19C13C100153}.Release|x86.Build.0 = Release|Any CPU
		{2862F5F1-6364-4C24-8A95-EA863ADEAD11}.Debug|Any CPU.ActiveCfg = Debug|Any CPU
		{2862F5F1-6364-4C24-8A95-EA863ADEAD11}.Debug|Any CPU.Build.0 = Debug|Any CPU
		{2862F5F1-6364-4C24-8A95-EA863ADEAD11}.Debug|x64.ActiveCfg = Debug|Any CPU
		{2862F5F1-6364-4C24-8A95-EA863ADEAD11}.Debug|x64.Build.0 = Debug|Any CPU
		{2862F5F1-6364-4C24-8A95-EA863ADEAD11}.Debug|x86.ActiveCfg = Debug|Any CPU
		{2862F5F1-6364-4C24-8A95-EA863ADEAD11}.Debug|x86.Build.0 = Debug|Any CPU
		{2862F5F1-6364-4C24-8A95-EA863ADEAD11}.Release|Any CPU.ActiveCfg = Release|Any CPU
		{2862F5F1-6364-4C24-8A95-EA863ADEAD11}.Release|Any CPU.Build.0 = Release|Any CPU
		{2862F5F1-6364-4C24-8A95-EA863ADEAD11}.Release|x64.ActiveCfg = Release|Any CPU
		{2862F5F1-6364-4C24-8A95-EA863ADEAD11}.Release|x64.Build.0 = Release|Any CPU
		{2862F5F1-6364-4C24-8A95-EA863ADEAD11}.Release|x86.ActiveCfg = Release|Any CPU
		{2862F5F1-6364-4C24-8A95-EA863ADEAD11}.Release|x86.Build.0 = Release|Any CPU
		{517036E7-6985-4B1B-8716-44D76CEC3516}.Debug|Any CPU.ActiveCfg = Debug|Any CPU
		{517036E7-6985-4B1B-8716-44D76CEC3516}.Debug|Any CPU.Build.0 = Debug|Any CPU
		{517036E7-6985-4B1B-8716-44D76CEC3516}.Debug|x64.ActiveCfg = Debug|Any CPU
		{517036E7-6985-4B1B-8716-44D76CEC3516}.Debug|x64.Build.0 = Debug|Any CPU
		{517036E7-6985-4B1B-8716-44D76CEC3516}.Debug|x86.ActiveCfg = Debug|Any CPU
		{517036E7-6985-4B1B-8716-44D76CEC3516}.Debug|x86.Build.0 = Debug|Any CPU
		{517036E7-6985-4B1B-8716-44D76CEC3516}.Release|Any CPU.ActiveCfg = Release|Any CPU
		{517036E7-6985-4B1B-8716-44D76CEC3516}.Release|Any CPU.Build.0 = Release|Any CPU
		{517036E7-6985-4B1B-8716-44D76CEC3516}.Release|x64.ActiveCfg = Release|Any CPU
		{517036E7-6985-4B1B-8716-44D76CEC3516}.Release|x64.Build.0 = Release|Any CPU
		{517036E7-6985-4B1B-8716-44D76CEC3516}.Release|x86.ActiveCfg = Release|Any CPU
		{517036E7-6985-4B1B-8716-44D76CEC3516}.Release|x86.Build.0 = Release|Any CPU
		{3415A2E7-D338-4661-A21F-1251ED8CF6E1}.Debug|Any CPU.ActiveCfg = Debug|Any CPU
		{3415A2E7-D338-4661-A21F-1251ED8CF6E1}.Debug|Any CPU.Build.0 = Debug|Any CPU
		{3415A2E7-D338-4661-A21F-1251ED8CF6E1}.Debug|x64.ActiveCfg = Debug|Any CPU
		{3415A2E7-D338-4661-A21F-1251ED8CF6E1}.Debug|x64.Build.0 = Debug|Any CPU
		{3415A2E7-D338-4661-A21F-1251ED8CF6E1}.Debug|x86.ActiveCfg = Debug|Any CPU
		{3415A2E7-D338-4661-A21F-1251ED8CF6E1}.Debug|x86.Build.0 = Debug|Any CPU
		{3415A2E7-D338-4661-A21F-1251ED8CF6E1}.Release|Any CPU.ActiveCfg = Release|Any CPU
		{3415A2E7-D338-4661-A21F-1251ED8CF6E1}.Release|Any CPU.Build.0 = Release|Any CPU
		{3415A2E7-D338-4661-A21F-1251ED8CF6E1}.Release|x64.ActiveCfg = Release|Any CPU
		{3415A2E7-D338-4661-A21F-1251ED8CF6E1}.Release|x64.Build.0 = Release|Any CPU
		{3415A2E7-D338-4661-A21F-1251ED8CF6E1}.Release|x86.ActiveCfg = Release|Any CPU
		{3415A2E7-D338-4661-A21F-1251ED8CF6E1}.Release|x86.Build.0 = Release|Any CPU
		{FED42503-104C-4DF9-AB08-684FFC799F29}.Debug|Any CPU.ActiveCfg = Debug|Any CPU
		{FED42503-104C-4DF9-AB08-684FFC799F29}.Debug|Any CPU.Build.0 = Debug|Any CPU
		{FED42503-104C-4DF9-AB08-684FFC799F29}.Debug|x64.ActiveCfg = Debug|Any CPU
		{FED42503-104C-4DF9-AB08-684FFC799F29}.Debug|x64.Build.0 = Debug|Any CPU
		{FED42503-104C-4DF9-AB08-684FFC799F29}.Debug|x86.ActiveCfg = Debug|Any CPU
		{FED42503-104C-4DF9-AB08-684FFC799F29}.Debug|x86.Build.0 = Debug|Any CPU
		{FED42503-104C-4DF9-AB08-684FFC799F29}.Release|Any CPU.ActiveCfg = Release|Any CPU
		{FED42503-104C-4DF9-AB08-684FFC799F29}.Release|Any CPU.Build.0 = Release|Any CPU
		{FED42503-104C-4DF9-AB08-684FFC799F29}.Release|x64.ActiveCfg = Release|Any CPU
		{FED42503-104C-4DF9-AB08-684FFC799F29}.Release|x64.Build.0 = Release|Any CPU
		{FED42503-104C-4DF9-AB08-684FFC799F29}.Release|x86.ActiveCfg = Release|Any CPU
		{FED42503-104C-4DF9-AB08-684FFC799F29}.Release|x86.Build.0 = Release|Any CPU
		{4BD0E689-FCA3-47B0-BBEC-2894DF708DE0}.Debug|Any CPU.ActiveCfg = Debug|Any CPU
		{4BD0E689-FCA3-47B0-BBEC-2894DF708DE0}.Debug|Any CPU.Build.0 = Debug|Any CPU
		{4BD0E689-FCA3-47B0-BBEC-2894DF708DE0}.Debug|x64.ActiveCfg = Debug|Any CPU
		{4BD0E689-FCA3-47B0-BBEC-2894DF708DE0}.Debug|x64.Build.0 = Debug|Any CPU
		{4BD0E689-FCA3-47B0-BBEC-2894DF708DE0}.Debug|x86.ActiveCfg = Debug|Any CPU
		{4BD0E689-FCA3-47B0-BBEC-2894DF708DE0}.Debug|x86.Build.0 = Debug|Any CPU
		{4BD0E689-FCA3-47B0-BBEC-2894DF708DE0}.Release|Any CPU.ActiveCfg = Release|Any CPU
		{4BD0E689-FCA3-47B0-BBEC-2894DF708DE0}.Release|Any CPU.Build.0 = Release|Any CPU
		{4BD0E689-FCA3-47B0-BBEC-2894DF708DE0}.Release|x64.ActiveCfg = Release|Any CPU
		{4BD0E689-FCA3-47B0-BBEC-2894DF708DE0}.Release|x64.Build.0 = Release|Any CPU
		{4BD0E689-FCA3-47B0-BBEC-2894DF708DE0}.Release|x86.ActiveCfg = Release|Any CPU
		{4BD0E689-FCA3-47B0-BBEC-2894DF708DE0}.Release|x86.Build.0 = Release|Any CPU
		{502964AC-8429-43D2-998F-A57E39EAE58A}.Debug|Any CPU.ActiveCfg = Debug|Any CPU
		{502964AC-8429-43D2-998F-A57E39EAE58A}.Debug|Any CPU.Build.0 = Debug|Any CPU
		{502964AC-8429-43D2-998F-A57E39EAE58A}.Debug|x64.ActiveCfg = Debug|Any CPU
		{502964AC-8429-43D2-998F-A57E39EAE58A}.Debug|x64.Build.0 = Debug|Any CPU
		{502964AC-8429-43D2-998F-A57E39EAE58A}.Debug|x86.ActiveCfg = Debug|Any CPU
		{502964AC-8429-43D2-998F-A57E39EAE58A}.Debug|x86.Build.0 = Debug|Any CPU
		{502964AC-8429-43D2-998F-A57E39EAE58A}.Release|Any CPU.ActiveCfg = Release|Any CPU
		{502964AC-8429-43D2-998F-A57E39EAE58A}.Release|Any CPU.Build.0 = Release|Any CPU
		{502964AC-8429-43D2-998F-A57E39EAE58A}.Release|x64.ActiveCfg = Release|Any CPU
		{502964AC-8429-43D2-998F-A57E39EAE58A}.Release|x64.Build.0 = Release|Any CPU
		{502964AC-8429-43D2-998F-A57E39EAE58A}.Release|x86.ActiveCfg = Release|Any CPU
		{502964AC-8429-43D2-998F-A57E39EAE58A}.Release|x86.Build.0 = Release|Any CPU
		{1BEFA879-DF84-4C2A-B4A4-606241D954B9}.Debug|Any CPU.ActiveCfg = Debug|Any CPU
		{1BEFA879-DF84-4C2A-B4A4-606241D954B9}.Debug|Any CPU.Build.0 = Debug|Any CPU
		{1BEFA879-DF84-4C2A-B4A4-606241D954B9}.Debug|x64.ActiveCfg = Debug|Any CPU
		{1BEFA879-DF84-4C2A-B4A4-606241D954B9}.Debug|x64.Build.0 = Debug|Any CPU
		{1BEFA879-DF84-4C2A-B4A4-606241D954B9}.Debug|x86.ActiveCfg = Debug|Any CPU
		{1BEFA879-DF84-4C2A-B4A4-606241D954B9}.Debug|x86.Build.0 = Debug|Any CPU
		{1BEFA879-DF84-4C2A-B4A4-606241D954B9}.Release|Any CPU.ActiveCfg = Release|Any CPU
		{1BEFA879-DF84-4C2A-B4A4-606241D954B9}.Release|Any CPU.Build.0 = Release|Any CPU
		{1BEFA879-DF84-4C2A-B4A4-606241D954B9}.Release|x64.ActiveCfg = Release|Any CPU
		{1BEFA879-DF84-4C2A-B4A4-606241D954B9}.Release|x64.Build.0 = Release|Any CPU
		{1BEFA879-DF84-4C2A-B4A4-606241D954B9}.Release|x86.ActiveCfg = Release|Any CPU
		{1BEFA879-DF84-4C2A-B4A4-606241D954B9}.Release|x86.Build.0 = Release|Any CPU
	EndGlobalSection
	GlobalSection(SolutionProperties) = preSolution
		HideSolutionNode = FALSE
	EndGlobalSection
	GlobalSection(NestedProjects) = preSolution
		{4353066B-F410-E540-F593-55E469B78A5F} = {0AB3BF05-4346-4AA6-1389-037BE0695223}
		{2862F5F1-6364-4C24-8A95-EA863ADEAD11} = {4353066B-F410-E540-F593-55E469B78A5F}
		{517036E7-6985-4B1B-8716-44D76CEC3516} = {4353066B-F410-E540-F593-55E469B78A5F}
		{3415A2E7-D338-4661-A21F-1251ED8CF6E1} = {4353066B-F410-E540-F593-55E469B78A5F}
		{FED42503-104C-4DF9-AB08-684FFC799F29} = {4353066B-F410-E540-F593-55E469B78A5F}
		{4BD0E689-FCA3-47B0-BBEC-2894DF708DE0} = {4353066B-F410-E540-F593-55E469B78A5F}
		{502964AC-8429-43D2-998F-A57E39EAE58A} = {4353066B-F410-E540-F593-55E469B78A5F}
		{1BEFA879-DF84-4C2A-B4A4-606241D954B9} = {4353066B-F410-E540-F593-55E469B78A5F}
	EndGlobalSection
	GlobalSection(ExtensibilityGlobals) = postSolution
		SolutionGuid = {429E1492-99CC-4ABF-A0BC-B1143769401F}
	EndGlobalSection
EndGlobal
